
Microsoft Visual Studio Solution File, Format Version 12.00
# Visual Studio Version 16
VisualStudioVersion = 16.0.30204.135
MinimumVisualStudioVersion = 15.0.26124.0
Project("{2150E333-8FDC-42A3-9474-1A3956D46DE8}") = ".​", ".​", "{24B5A9A2-476C-4448-85E0-00FD368A650C}"
	ProjectSection(SolutionItems) = preProject
		.editorconfig = .editorconfig
		.gitattributes = .gitattributes
		.gitignore = .gitignore
		Directory.Build.props = Directory.Build.props
		README.md = README.md
	EndProjectSection
EndProject
Project("{2150E333-8FDC-42A3-9474-1A3956D46DE8}") = "Examples", "Examples", "{AE0BF6F8-635E-45FB-B231-00C4C3CD5B06}"
EndProject
Project("{FAE04EC0-301F-11D3-BF4B-00C04F79EFBC}") = "UnravelExamples.Web", "examples\Web\UnravelExamples.Web.csproj", "{CED6AE8D-EE53-4A56-ABE3-CE6C10D1CD18}"
EndProject
Project("{9A19103F-16F7-4668-BE54-9A1E7A4F7556}") = "Unravel.Startup", "src\Startup\Unravel.Startup.csproj", "{06797441-1726-4BD0-A74D-21E211756367}"
EndProject
Project("{9A19103F-16F7-4668-BE54-9A1E7A4F7556}") = "Unravel.AspNet.Mvc", "src\AspNet.Mvc\Unravel.AspNet.Mvc.csproj", "{3372BA01-9E2B-48C8-A365-E36141BA32D1}"
EndProject
Project("{9A19103F-16F7-4668-BE54-9A1E7A4F7556}") = "Unravel.AspNetCore.Mvc", "src\AspNetCore.Mvc\Unravel.AspNetCore.Mvc.csproj", "{D8FDA2DA-EDF4-49BE-90AE-D74763C14DFF}"
EndProject
Project("{9A19103F-16F7-4668-BE54-9A1E7A4F7556}") = "Unravel.AspNet.WebApi", "src\AspNet.WebApi\Unravel.AspNet.WebApi.csproj", "{22478CEE-818D-455C-9AE1-D9BB1C9B91A9}"
EndProject
Project("{FAE04EC0-301F-11D3-BF4B-00C04F79EFBC}") = "UnravelExamples.Identity", "examples\Identity\UnravelExamples.Identity.csproj", "{5D97EFEE-4FA3-47DB-9C03-CB99F0CC8E77}"
EndProject
Project("{9A19103F-16F7-4668-BE54-9A1E7A4F7556}") = "Unravel.AspNet.Identity", "src\AspNet.Identity\Unravel.AspNet.Identity.csproj", "{9E63BB55-A6D4-4D3D-828C-70E536313D43}"
EndProject
Project("{9A19103F-16F7-4668-BE54-9A1E7A4F7556}") = "Unravel.AspNet.Identity.EntityFramework", "src\AspNet.Identity.EntityFramework\Unravel.AspNet.Identity.EntityFramework.csproj", "{1D43CD4F-824D-4BCA-AB2A-939B6D4C4AEC}"
EndProject
Project("{9A19103F-16F7-4668-BE54-9A1E7A4F7556}") = "Unravel.AspNetCore.Mvc.ViewFeatures", "src\AspNetCore.Mvc.ViewFeatures\Unravel.AspNetCore.Mvc.ViewFeatures.csproj", "{22C0E3CA-02CE-4C6C-B663-BEFA22214CDE}"
EndProject
Global
	GlobalSection(SolutionConfigurationPlatforms) = preSolution
		Debug|Any CPU = Debug|Any CPU
		Debug|x64 = Debug|x64
		Debug|x86 = Debug|x86
		Release|Any CPU = Release|Any CPU
		Release|x64 = Release|x64
		Release|x86 = Release|x86
	EndGlobalSection
	GlobalSection(ProjectConfigurationPlatforms) = postSolution
		{CED6AE8D-EE53-4A56-ABE3-CE6C10D1CD18}.Debug|Any CPU.ActiveCfg = Debug|Any CPU
		{CED6AE8D-EE53-4A56-ABE3-CE6C10D1CD18}.Debug|Any CPU.Build.0 = Debug|Any CPU
		{CED6AE8D-EE53-4A56-ABE3-CE6C10D1CD18}.Debug|x64.ActiveCfg = Debug|Any CPU
		{CED6AE8D-EE53-4A56-ABE3-CE6C10D1CD18}.Debug|x64.Build.0 = Debug|Any CPU
		{CED6AE8D-EE53-4A56-ABE3-CE6C10D1CD18}.Debug|x86.ActiveCfg = Debug|Any CPU
		{CED6AE8D-EE53-4A56-ABE3-CE6C10D1CD18}.Debug|x86.Build.0 = Debug|Any CPU
		{CED6AE8D-EE53-4A56-ABE3-CE6C10D1CD18}.Release|Any CPU.ActiveCfg = Release|Any CPU
		{CED6AE8D-EE53-4A56-ABE3-CE6C10D1CD18}.Release|Any CPU.Build.0 = Release|Any CPU
		{CED6AE8D-EE53-4A56-ABE3-CE6C10D1CD18}.Release|x64.ActiveCfg = Release|Any CPU
		{CED6AE8D-EE53-4A56-ABE3-CE6C10D1CD18}.Release|x64.Build.0 = Release|Any CPU
		{CED6AE8D-EE53-4A56-ABE3-CE6C10D1CD18}.Release|x86.ActiveCfg = Release|Any CPU
		{CED6AE8D-EE53-4A56-ABE3-CE6C10D1CD18}.Release|x86.Build.0 = Release|Any CPU
		{06797441-1726-4BD0-A74D-21E211756367}.Debug|Any CPU.ActiveCfg = Debug|Any CPU
		{06797441-1726-4BD0-A74D-21E211756367}.Debug|Any CPU.Build.0 = Debug|Any CPU
		{06797441-1726-4BD0-A74D-21E211756367}.Debug|x64.ActiveCfg = Debug|Any CPU
		{06797441-1726-4BD0-A74D-21E211756367}.Debug|x64.Build.0 = Debug|Any CPU
		{06797441-1726-4BD0-A74D-21E211756367}.Debug|x86.ActiveCfg = Debug|Any CPU
		{06797441-1726-4BD0-A74D-21E211756367}.Debug|x86.Build.0 = Debug|Any CPU
		{06797441-1726-4BD0-A74D-21E211756367}.Release|Any CPU.ActiveCfg = Release|Any CPU
		{06797441-1726-4BD0-A74D-21E211756367}.Release|Any CPU.Build.0 = Release|Any CPU
		{06797441-1726-4BD0-A74D-21E211756367}.Release|x64.ActiveCfg = Release|Any CPU
		{06797441-1726-4BD0-A74D-21E211756367}.Release|x64.Build.0 = Release|Any CPU
		{06797441-1726-4BD0-A74D-21E211756367}.Release|x86.ActiveCfg = Release|Any CPU
		{06797441-1726-4BD0-A74D-21E211756367}.Release|x86.Build.0 = Release|Any CPU
		{3372BA01-9E2B-48C8-A365-E36141BA32D1}.Debug|Any CPU.ActiveCfg = Debug|Any CPU
		{3372BA01-9E2B-48C8-A365-E36141BA32D1}.Debug|Any CPU.Build.0 = Debug|Any CPU
		{3372BA01-9E2B-48C8-A365-E36141BA32D1}.Debug|x64.ActiveCfg = Debug|Any CPU
		{3372BA01-9E2B-48C8-A365-E36141BA32D1}.Debug|x64.Build.0 = Debug|Any CPU
		{3372BA01-9E2B-48C8-A365-E36141BA32D1}.Debug|x86.ActiveCfg = Debug|Any CPU
		{3372BA01-9E2B-48C8-A365-E36141BA32D1}.Debug|x86.Build.0 = Debug|Any CPU
		{3372BA01-9E2B-48C8-A365-E36141BA32D1}.Release|Any CPU.ActiveCfg = Release|Any CPU
		{3372BA01-9E2B-48C8-A365-E36141BA32D1}.Release|Any CPU.Build.0 = Release|Any CPU
		{3372BA01-9E2B-48C8-A365-E36141BA32D1}.Release|x64.ActiveCfg = Release|Any CPU
		{3372BA01-9E2B-48C8-A365-E36141BA32D1}.Release|x64.Build.0 = Release|Any CPU
		{3372BA01-9E2B-48C8-A365-E36141BA32D1}.Release|x86.ActiveCfg = Release|Any CPU
		{3372BA01-9E2B-48C8-A365-E36141BA32D1}.Release|x86.Build.0 = Release|Any CPU
		{D8FDA2DA-EDF4-49BE-90AE-D74763C14DFF}.Debug|Any CPU.ActiveCfg = Debug|Any CPU
		{D8FDA2DA-EDF4-49BE-90AE-D74763C14DFF}.Debug|Any CPU.Build.0 = Debug|Any CPU
		{D8FDA2DA-EDF4-49BE-90AE-D74763C14DFF}.Debug|x64.ActiveCfg = Debug|Any CPU
		{D8FDA2DA-EDF4-49BE-90AE-D74763C14DFF}.Debug|x64.Build.0 = Debug|Any CPU
		{D8FDA2DA-EDF4-49BE-90AE-D74763C14DFF}.Debug|x86.ActiveCfg = Debug|Any CPU
		{D8FDA2DA-EDF4-49BE-90AE-D74763C14DFF}.Debug|x86.Build.0 = Debug|Any CPU
		{D8FDA2DA-EDF4-49BE-90AE-D74763C14DFF}.Release|Any CPU.ActiveCfg = Release|Any CPU
		{D8FDA2DA-EDF4-49BE-90AE-D74763C14DFF}.Release|Any CPU.Build.0 = Release|Any CPU
		{D8FDA2DA-EDF4-49BE-90AE-D74763C14DFF}.Release|x64.ActiveCfg = Release|Any CPU
		{D8FDA2DA-EDF4-49BE-90AE-D74763C14DFF}.Release|x64.Build.0 = Release|Any CPU
		{D8FDA2DA-EDF4-49BE-90AE-D74763C14DFF}.Release|x86.ActiveCfg = Release|Any CPU
		{D8FDA2DA-EDF4-49BE-90AE-D74763C14DFF}.Release|x86.Build.0 = Release|Any CPU
		{22478CEE-818D-455C-9AE1-D9BB1C9B91A9}.Debug|Any CPU.ActiveCfg = Debug|Any CPU
		{22478CEE-818D-455C-9AE1-D9BB1C9B91A9}.Debug|Any CPU.Build.0 = Debug|Any CPU
		{22478CEE-818D-455C-9AE1-D9BB1C9B91A9}.Debug|x64.ActiveCfg = Debug|Any CPU
		{22478CEE-818D-455C-9AE1-D9BB1C9B91A9}.Debug|x64.Build.0 = Debug|Any CPU
		{22478CEE-818D-455C-9AE1-D9BB1C9B91A9}.Debug|x86.ActiveCfg = Debug|Any CPU
		{22478CEE-818D-455C-9AE1-D9BB1C9B91A9}.Debug|x86.Build.0 = Debug|Any CPU
		{22478CEE-818D-455C-9AE1-D9BB1C9B91A9}.Release|Any CPU.ActiveCfg = Release|Any CPU
		{22478CEE-818D-455C-9AE1-D9BB1C9B91A9}.Release|Any CPU.Build.0 = Release|Any CPU
		{22478CEE-818D-455C-9AE1-D9BB1C9B91A9}.Release|x64.ActiveCfg = Release|Any CPU
		{22478CEE-818D-455C-9AE1-D9BB1C9B91A9}.Release|x64.Build.0 = Release|Any CPU
		{22478CEE-818D-455C-9AE1-D9BB1C9B91A9}.Release|x86.ActiveCfg = Release|Any CPU
		{22478CEE-818D-455C-9AE1-D9BB1C9B91A9}.Release|x86.Build.0 = Release|Any CPU
		{5D97EFEE-4FA3-47DB-9C03-CB99F0CC8E77}.Debug|Any CPU.ActiveCfg = Debug|Any CPU
		{5D97EFEE-4FA3-47DB-9C03-CB99F0CC8E77}.Debug|Any CPU.Build.0 = Debug|Any CPU
		{5D97EFEE-4FA3-47DB-9C03-CB99F0CC8E77}.Debug|x64.ActiveCfg = Debug|Any CPU
		{5D97EFEE-4FA3-47DB-9C03-CB99F0CC8E77}.Debug|x64.Build.0 = Debug|Any CPU
		{5D97EFEE-4FA3-47DB-9C03-CB99F0CC8E77}.Debug|x86.ActiveCfg = Debug|Any CPU
		{5D97EFEE-4FA3-47DB-9C03-CB99F0CC8E77}.Debug|x86.Build.0 = Debug|Any CPU
		{5D97EFEE-4FA3-47DB-9C03-CB99F0CC8E77}.Release|Any CPU.ActiveCfg = Release|Any CPU
		{5D97EFEE-4FA3-47DB-9C03-CB99F0CC8E77}.Release|Any CPU.Build.0 = Release|Any CPU
		{5D97EFEE-4FA3-47DB-9C03-CB99F0CC8E77}.Release|x64.ActiveCfg = Release|Any CPU
		{5D97EFEE-4FA3-47DB-9C03-CB99F0CC8E77}.Release|x64.Build.0 = Release|Any CPU
		{5D97EFEE-4FA3-47DB-9C03-CB99F0CC8E77}.Release|x86.ActiveCfg = Release|Any CPU
		{5D97EFEE-4FA3-47DB-9C03-CB99F0CC8E77}.Release|x86.Build.0 = Release|Any CPU
		{9E63BB55-A6D4-4D3D-828C-70E536313D43}.Debug|Any CPU.ActiveCfg = Debug|Any CPU
		{9E63BB55-A6D4-4D3D-828C-70E536313D43}.Debug|Any CPU.Build.0 = Debug|Any CPU
		{9E63BB55-A6D4-4D3D-828C-70E536313D43}.Debug|x64.ActiveCfg = Debug|Any CPU
		{9E63BB55-A6D4-4D3D-828C-70E536313D43}.Debug|x64.Build.0 = Debug|Any CPU
		{9E63BB55-A6D4-4D3D-828C-70E536313D43}.Debug|x86.ActiveCfg = Debug|Any CPU
		{9E63BB55-A6D4-4D3D-828C-70E536313D43}.Debug|x86.Build.0 = Debug|Any CPU
		{9E63BB55-A6D4-4D3D-828C-70E536313D43}.Release|Any CPU.ActiveCfg = Release|Any CPU
		{9E63BB55-A6D4-4D3D-828C-70E536313D43}.Release|Any CPU.Build.0 = Release|Any CPU
		{9E63BB55-A6D4-4D3D-828C-70E536313D43}.Release|x64.ActiveCfg = Release|Any CPU
		{9E63BB55-A6D4-4D3D-828C-70E536313D43}.Release|x64.Build.0 = Release|Any CPU
		{9E63BB55-A6D4-4D3D-828C-70E536313D43}.Release|x86.ActiveCfg = Release|Any CPU
		{9E63BB55-A6D4-4D3D-828C-70E536313D43}.Release|x86.Build.0 = Release|Any CPU
		{1D43CD4F-824D-4BCA-AB2A-939B6D4C4AEC}.Debug|Any CPU.ActiveCfg = Debug|Any CPU
		{1D43CD4F-824D-4BCA-AB2A-939B6D4C4AEC}.Debug|Any CPU.Build.0 = Debug|Any CPU
		{1D43CD4F-824D-4BCA-AB2A-939B6D4C4AEC}.Debug|x64.ActiveCfg = Debug|Any CPU
		{1D43CD4F-824D-4BCA-AB2A-939B6D4C4AEC}.Debug|x64.Build.0 = Debug|Any CPU
		{1D43CD4F-824D-4BCA-AB2A-939B6D4C4AEC}.Debug|x86.ActiveCfg = Debug|Any CPU
		{1D43CD4F-824D-4BCA-AB2A-939B6D4C4AEC}.Debug|x86.Build.0 = Debug|Any CPU
		{1D43CD4F-824D-4BCA-AB2A-939B6D4C4AEC}.Release|Any CPU.ActiveCfg = Release|Any CPU
		{1D43CD4F-824D-4BCA-AB2A-939B6D4C4AEC}.Release|Any CPU.Build.0 = Release|Any CPU
		{1D43CD4F-824D-4BCA-AB2A-939B6D4C4AEC}.Release|x64.ActiveCfg = Release|Any CPU
		{1D43CD4F-824D-4BCA-AB2A-939B6D4C4AEC}.Release|x64.Build.0 = Release|Any CPU
		{1D43CD4F-824D-4BCA-AB2A-939B6D4C4AEC}.Release|x86.ActiveCfg = Release|Any CPU
		{1D43CD4F-824D-4BCA-AB2A-939B6D4C4AEC}.Release|x86.Build.0 = Release|Any CPU
		{22C0E3CA-02CE-4C6C-B663-BEFA22214CDE}.Debug|Any CPU.ActiveCfg = Debug|Any CPU
		{22C0E3CA-02CE-4C6C-B663-BEFA22214CDE}.Debug|Any CPU.Build.0 = Debug|Any CPU
		{22C0E3CA-02CE-4C6C-B663-BEFA22214CDE}.Debug|x64.ActiveCfg = Debug|Any CPU
		{22C0E3CA-02CE-4C6C-B663-BEFA22214CDE}.Debug|x64.Build.0 = Debug|Any CPU
		{22C0E3CA-02CE-4C6C-B663-BEFA22214CDE}.Debug|x86.ActiveCfg = Debug|Any CPU
		{22C0E3CA-02CE-4C6C-B663-BEFA22214CDE}.Debug|x86.Build.0 = Debug|Any CPU
		{22C0E3CA-02CE-4C6C-B663-BEFA22214CDE}.Release|Any CPU.ActiveCfg = Release|Any CPU
		{22C0E3CA-02CE-4C6C-B663-BEFA22214CDE}.Release|Any CPU.Build.0 = Release|Any CPU
		{22C0E3CA-02CE-4C6C-B663-BEFA22214CDE}.Release|x64.ActiveCfg = Release|Any CPU
		{22C0E3CA-02CE-4C6C-B663-BEFA22214CDE}.Release|x64.Build.0 = Release|Any CPU
		{22C0E3CA-02CE-4C6C-B663-BEFA22214CDE}.Release|x86.ActiveCfg = Release|Any CPU
		{22C0E3CA-02CE-4C6C-B663-BEFA22214CDE}.Release|x86.Build.0 = Release|Any CPU
	EndGlobalSection
	GlobalSection(SolutionProperties) = preSolution
		HideSolutionNode = FALSE
	EndGlobalSection
	GlobalSection(NestedProjects) = preSolution
		{CED6AE8D-EE53-4A56-ABE3-CE6C10D1CD18} = {AE0BF6F8-635E-45FB-B231-00C4C3CD5B06}
		{5D97EFEE-4FA3-47DB-9C03-CB99F0CC8E77} = {AE0BF6F8-635E-45FB-B231-00C4C3CD5B06}
	EndGlobalSection
	GlobalSection(ExtensibilityGlobals) = postSolution
		SolutionGuid = {2E47B976-F7D9-42C9-8641-FCEB950CD1EA}
	EndGlobalSection
EndGlobal
